
Microsoft Visual Studio Solution File, Format Version 12.00
# Visual Studio 2012
Project("{FAE04EC0-301F-11D3-BF4B-00C04F79EFBC}") = "SampleCode", "SampleCode\SampleCode.csproj", "{B14570FF-F199-499D-9635-9F52D21DE360}"
EndProject
Global
	GlobalSection(SolutionConfigurationPlatforms) = preSolution
		Debug|Any CPU = Debug|Any CPU
		Release|Any CPU = Release|Any CPU
	EndGlobalSection
	GlobalSection(ProjectConfigurationPlatforms) = postSolution
		{B14570FF-F199-499D-9635-9F52D21DE360}.Debug|Any CPU.ActiveCfg = Debug|Any CPU
		{B14570FF-F199-499D-9635-9F52D21DE360}.Debug|Any CPU.Build.0 = Debug|Any CPU
		{B14570FF-F199-499D-9635-9F52D21DE360}.Release|Any CPU.ActiveCfg = Release|Any CPU
		{B14570FF-F199-499D-9635-9F52D21DE360}.Release|Any CPU.Build.0 = Release|Any CPU
	EndGlobalSection
	GlobalSection(SolutionProperties) = preSolution
		HideSolutionNode = FALSE
	EndGlobalSection
EndGlobal
